
Microsoft Visual Studio Solution File, Format Version 12.00
# Visual Studio 14
VisualStudioVersion = 14.0.24720.0
MinimumVisualStudioVersion = 10.0.40219.1
Project("{FAE04EC0-301F-11D3-BF4B-00C04F79EFBC}") = "ShopCMS1", "ShopCMS\ShopCMS1.csproj", "{15A7A214-FE5B-47AE-8D4B-08A8A7A671B7}"
EndProject
Project("{FAE04EC0-301F-11D3-BF4B-00C04F79EFBC}") = "ShopCMS.Tests", "ShopCMS.Tests\ShopCMS.Tests.csproj", "{4A2F2C41-5B0A-4D33-96CB-770750316189}"
EndProject
Project("{FAE04EC0-301F-11D3-BF4B-00C04F79EFBC}") = "Domain.ShopCMS", "Domain.ShopCMS\Domain.ShopCMS.csproj", "{522F10B0-6D1D-4547-B25F-E9011FC7C840}"
EndProject
Project("{FAE04EC0-301F-11D3-BF4B-00C04F79EFBC}") = "ShopCMS", "ShopCMS\ShopCMS.csproj", "{2D2D0E03-9450-479C-93F6-72BFF764044E}"
EndProject
Global
	GlobalSection(SolutionConfigurationPlatforms) = preSolution
		Debug|Any CPU = Debug|Any CPU
		Debug|ARM = Debug|ARM
		Debug|x64 = Debug|x64
		Debug|x86 = Debug|x86
		Release|Any CPU = Release|Any CPU
		Release|ARM = Release|ARM
		Release|x64 = Release|x64
		Release|x86 = Release|x86
	EndGlobalSection
	GlobalSection(ProjectConfigurationPlatforms) = postSolution
		{15A7A214-FE5B-47AE-8D4B-08A8A7A671B7}.Debug|Any CPU.ActiveCfg = Debug|Any CPU
		{15A7A214-FE5B-47AE-8D4B-08A8A7A671B7}.Debug|Any CPU.Build.0 = Debug|Any CPU
		{15A7A214-FE5B-47AE-8D4B-08A8A7A671B7}.Debug|ARM.ActiveCfg = Debug|Any CPU
		{15A7A214-FE5B-47AE-8D4B-08A8A7A671B7}.Debug|ARM.Build.0 = Debug|Any CPU
		{15A7A214-FE5B-47AE-8D4B-08A8A7A671B7}.Debug|x64.ActiveCfg = Debug|Any CPU
		{15A7A214-FE5B-47AE-8D4B-08A8A7A671B7}.Debug|x64.Build.0 = Debug|Any CPU
		{15A7A214-FE5B-47AE-8D4B-08A8A7A671B7}.Debug|x86.ActiveCfg = Debug|Any CPU
		{15A7A214-FE5B-47AE-8D4B-08A8A7A671B7}.Debug|x86.Build.0 = Debug|Any CPU
		{15A7A214-FE5B-47AE-8D4B-08A8A7A671B7}.Release|Any CPU.ActiveCfg = Release|Any CPU
		{15A7A214-FE5B-47AE-8D4B-08A8A7A671B7}.Release|Any CPU.Build.0 = Release|Any CPU
		{15A7A214-FE5B-47AE-8D4B-08A8A7A671B7}.Release|ARM.ActiveCfg = Release|Any CPU
		{15A7A214-FE5B-47AE-8D4B-08A8A7A671B7}.Release|ARM.Build.0 = Release|Any CPU
		{15A7A214-FE5B-47AE-8D4B-08A8A7A671B7}.Release|x64.ActiveCfg = Release|Any CPU
		{15A7A214-FE5B-47AE-8D4B-08A8A7A671B7}.Release|x64.Build.0 = Release|Any CPU
		{15A7A214-FE5B-47AE-8D4B-08A8A7A671B7}.Release|x86.ActiveCfg = Release|Any CPU
		{15A7A214-FE5B-47AE-8D4B-08A8A7A671B7}.Release|x86.Build.0 = Release|Any CPU
		{4A2F2C41-5B0A-4D33-96CB-770750316189}.Debug|Any CPU.ActiveCfg = Debug|Any CPU
		{4A2F2C41-5B0A-4D33-96CB-770750316189}.Debug|Any CPU.Build.0 = Debug|Any CPU
		{4A2F2C41-5B0A-4D33-96CB-770750316189}.Debug|ARM.ActiveCfg = Debug|Any CPU
		{4A2F2C41-5B0A-4D33-96CB-770750316189}.Debug|ARM.Build.0 = Debug|Any CPU
		{4A2F2C41-5B0A-4D33-96CB-770750316189}.Debug|x64.ActiveCfg = Debug|Any CPU
		{4A2F2C41-5B0A-4D33-96CB-770750316189}.Debug|x64.Build.0 = Debug|Any CPU
		{4A2F2C41-5B0A-4D33-96CB-770750316189}.Debug|x86.ActiveCfg = Debug|Any CPU
		{4A2F2C41-5B0A-4D33-96CB-770750316189}.Debug|x86.Build.0 = Debug|Any CPU
		{4A2F2C41-5B0A-4D33-96CB-770750316189}.Release|Any CPU.ActiveCfg = Release|Any CPU
		{4A2F2C41-5B0A-4D33-96CB-770750316189}.Release|Any CPU.Build.0 = Release|Any CPU
		{4A2F2C41-5B0A-4D33-96CB-770750316189}.Release|ARM.ActiveCfg = Release|Any CPU
		{4A2F2C41-5B0A-4D33-96CB-770750316189}.Release|ARM.Build.0 = Release|Any CPU
		{4A2F2C41-5B0A-4D33-96CB-770750316189}.Release|x64.ActiveCfg = Release|Any CPU
		{4A2F2C41-5B0A-4D33-96CB-770750316189}.Release|x64.Build.0 = Release|Any CPU
		{4A2F2C41-5B0A-4D33-96CB-770750316189}.Release|x86.ActiveCfg = Release|Any CPU
		{4A2F2C41-5B0A-4D33-96CB-770750316189}.Release|x86.Build.0 = Release|Any CPU
		{522F10B0-6D1D-4547-B25F-E9011FC7C840}.Debug|Any CPU.ActiveCfg = Debug|Any CPU
		{522F10B0-6D1D-4547-B25F-E9011FC7C840}.Debug|Any CPU.Build.0 = Debug|Any CPU
		{522F10B0-6D1D-4547-B25F-E9011FC7C840}.Debug|ARM.ActiveCfg = Debug|Any CPU
		{522F10B0-6D1D-4547-B25F-E9011FC7C840}.Debug|ARM.Build.0 = Debug|Any CPU
		{522F10B0-6D1D-4547-B25F-E9011FC7C840}.Debug|x64.ActiveCfg = Debug|Any CPU
		{522F10B0-6D1D-4547-B25F-E9011FC7C840}.Debug|x64.Build.0 = Debug|Any CPU
		{522F10B0-6D1D-4547-B25F-E9011FC7C840}.Debug|x86.ActiveCfg = Debug|Any CPU
		{522F10B0-6D1D-4547-B25F-E9011FC7C840}.Debug|x86.Build.0 = Debug|Any CPU
		{522F10B0-6D1D-4547-B25F-E9011FC7C840}.Release|Any CPU.ActiveCfg = Release|Any CPU
		{522F10B0-6D1D-4547-B25F-E9011FC7C840}.Release|Any CPU.Build.0 = Release|Any CPU
		{522F10B0-6D1D-4547-B25F-E9011FC7C840}.Release|ARM.ActiveCfg = Release|Any CPU
		{522F10B0-6D1D-4547-B25F-E9011FC7C840}.Release|ARM.Build.0 = Release|Any CPU
		{522F10B0-6D1D-4547-B25F-E9011FC7C840}.Release|x64.ActiveCfg = Release|Any CPU
		{522F10B0-6D1D-4547-B25F-E9011FC7C840}.Release|x64.Build.0 = Release|Any CPU
		{522F10B0-6D1D-4547-B25F-E9011FC7C840}.Release|x86.ActiveCfg = Release|Any CPU
		{522F10B0-6D1D-4547-B25F-E9011FC7C840}.Release|x86.Build.0 = Release|Any CPU
		{2D2D0E03-9450-479C-93F6-72BFF764044E}.Debug|Any CPU.ActiveCfg = Debug|Any CPU
		{2D2D0E03-9450-479C-93F6-72BFF764044E}.Debug|Any CPU.Build.0 = Debug|Any CPU
		{2D2D0E03-9450-479C-93F6-72BFF764044E}.Debug|ARM.ActiveCfg = Debug|Any CPU
		{2D2D0E03-9450-479C-93F6-72BFF764044E}.Debug|ARM.Build.0 = Debug|Any CPU
		{2D2D0E03-9450-479C-93F6-72BFF764044E}.Debug|x64.ActiveCfg = Debug|Any CPU
		{2D2D0E03-9450-479C-93F6-72BFF764044E}.Debug|x64.Build.0 = Debug|Any CPU
		{2D2D0E03-9450-479C-93F6-72BFF764044E}.Debug|x86.ActiveCfg = Debug|Any CPU
		{2D2D0E03-9450-479C-93F6-72BFF764044E}.Debug|x86.Build.0 = Debug|Any CPU
		{2D2D0E03-9450-479C-93F6-72BFF764044E}.Release|Any CPU.ActiveCfg = Release|Any CPU
		{2D2D0E03-9450-479C-93F6-72BFF764044E}.Release|Any CPU.Build.0 = Release|Any CPU
		{2D2D0E03-9450-479C-93F6-72BFF764044E}.Release|ARM.ActiveCfg = Release|Any CPU
		{2D2D0E03-9450-479C-93F6-72BFF764044E}.Release|ARM.Build.0 = Release|Any CPU
		{2D2D0E03-9450-479C-93F6-72BFF764044E}.Release|x64.ActiveCfg = Release|Any CPU
		{2D2D0E03-9450-479C-93F6-72BFF764044E}.Release|x64.Build.0 = Release|Any CPU
		{2D2D0E03-9450-479C-93F6-72BFF764044E}.Release|x86.ActiveCfg = Release|Any CPU
		{2D2D0E03-9450-479C-93F6-72BFF764044E}.Release|x86.Build.0 = Release|Any CPU
	EndGlobalSection
	GlobalSection(SolutionProperties) = preSolution
		HideSolutionNode = FALSE
	EndGlobalSection
EndGlobal
